// !$*UTF8*$!
{
	archiveVersion = 1;
	classes = {
	};
	objectVersion = 50;
	objects = {

/* Begin PBXBuildFile section */
		1BBBC3A624A1203900CD28FD /* AppDelegate.swift in Sources */ = {isa = PBXBuildFile; fileRef = 1BBBC3A524A1203900CD28FD /* AppDelegate.swift */; };
		1BBBC3A824A1203900CD28FD /* SceneDelegate.swift in Sources */ = {isa = PBXBuildFile; fileRef = 1BBBC3A724A1203900CD28FD /* SceneDelegate.swift */; };
		1BBBC3AA24A1203900CD28FD /* ViewController.swift in Sources */ = {isa = PBXBuildFile; fileRef = 1BBBC3A924A1203900CD28FD /* ViewController.swift */; };
		1BBBC3AD24A1203900CD28FD /* Main.storyboard in Resources */ = {isa = PBXBuildFile; fileRef = 1BBBC3AB24A1203900CD28FD /* Main.storyboard */; };
		1BBBC3AF24A1204200CD28FD /* Assets.xcassets in Resources */ = {isa = PBXBuildFile; fileRef = 1BBBC3AE24A1204200CD28FD /* Assets.xcassets */; };
		1BBBC3B224A1204200CD28FD /* LaunchScreen.storyboard in Resources */ = {isa = PBXBuildFile; fileRef = 1BBBC3B024A1204200CD28FD /* LaunchScreen.storyboard */; };
/* End PBXBuildFile section */

/* Begin PBXFileReference section */
		1BBBC3A224A1203900CD28FD /* GameOfLife.app */ = {isa = PBXFileReference; explicitFileType = wrapper.application; includeInIndex = 0; path = GameOfLife.app; sourceTree = BUILT_PRODUCTS_DIR; };
		1BBBC3A524A1203900CD28FD /* AppDelegate.swift */ = {isa = PBXFileReference; lastKnownFileType = sourcecode.swift; path = AppDelegate.swift; sourceTree = "<group>"; };
		1BBBC3A724A1203900CD28FD /* SceneDelegate.swift */ = {isa = PBXFileReference; lastKnownFileType = sourcecode.swift; path = SceneDelegate.swift; sourceTree = "<group>"; };
		1BBBC3A924A1203900CD28FD /* ViewController.swift */ = {isa = PBXFileReference; lastKnownFileType = sourcecode.swift; path = ViewController.swift; sourceTree = "<group>"; };
		1BBBC3AC24A1203900CD28FD /* Base */ = {isa = PBXFileReference; lastKnownFileType = file.storyboard; name = Base; path = Base.lproj/Main.storyboard; sourceTree = "<group>"; };
		1BBBC3AE24A1204200CD28FD /* Assets.xcassets */ = {isa = PBXFileReference; lastKnownFileType = folder.assetcatalog; path = Assets.xcassets; sourceTree = "<group>"; };
		1BBBC3B124A1204200CD28FD /* Base */ = {isa = PBXFileReference; lastKnownFileType = file.storyboard; name = Base; path = Base.lproj/LaunchScreen.storyboard; sourceTree = "<group>"; };
		1BBBC3B324A1204200CD28FD /* Info.plist */ = {isa = PBXFileReference; lastKnownFileType = text.plist.xml; path = Info.plist; sourceTree = "<group>"; };
/* End PBXFileReference section */

/* Begin PBXFrameworksBuildPhase section */
		1BBBC39F24A1203900CD28FD /* Frameworks */ = {
			isa = PBXFrameworksBuildPhase;
			buildActionMask = 2147483647;
			files = (
			);
			runOnlyForDeploymentPostprocessing = 0;
		};
/* End PBXFrameworksBuildPhase section */

/* Begin PBXGroup section */
		1BBBC39924A1203900CD28FD = {
			isa = PBXGroup;
			children = (
				1BBBC3A424A1203900CD28FD /* GameOfLife */,
				1BBBC3A324A1203900CD28FD /* Products */,
			);
			sourceTree = "<group>";
		};
		1BBBC3A324A1203900CD28FD /* Products */ = {
			isa = PBXGroup;
			children = (
				1BBBC3A224A1203900CD28FD /* GameOfLife.app */,
			);
			name = Products;
			sourceTree = "<group>";
		};
		1BBBC3A424A1203900CD28FD /* GameOfLife */ = {
			isa = PBXGroup;
			children = (
				1BBBC3BC24A121D800CD28FD /* Models */,
				1BBBC3BB24A121D100CD28FD /* Model Controllers */,
				1BBBC3BA24A121C900CD28FD /* View Controllers */,
				1BBBC3B924A121BE00CD28FD /* Views */,
				1BBBC3BD24A121DE00CD28FD /* Resources */,
			);
			path = GameOfLife;
			sourceTree = "<group>";
		};
		1BBBC3B924A121BE00CD28FD /* Views */ = {
			isa = PBXGroup;
			children = (
				1BBBC3AB24A1203900CD28FD /* Main.storyboard */,
				1BBBC3B024A1204200CD28FD /* LaunchScreen.storyboard */,
			);
			path = Views;
			sourceTree = "<group>";
		};
		1BBBC3BA24A121C900CD28FD /* View Controllers */ = {
			isa = PBXGroup;
			children = (
				1BBBC3A924A1203900CD28FD /* ViewController.swift */,
			);
			path = "View Controllers";
			sourceTree = "<group>";
		};
		1BBBC3BB24A121D100CD28FD /* Model Controllers */ = {
			isa = PBXGroup;
			children = (
			);
			path = "Model Controllers";
			sourceTree = "<group>";
		};
		1BBBC3BC24A121D800CD28FD /* Models */ = {
			isa = PBXGroup;
			children = (
			);
			path = Models;
			sourceTree = "<group>";
		};
		1BBBC3BD24A121DE00CD28FD /* Resources */ = {
			isa = PBXGroup;
			children = (
				1BBBC3A524A1203900CD28FD /* AppDelegate.swift */,
				1BBBC3A724A1203900CD28FD /* SceneDelegate.swift */,
				1BBBC3B324A1204200CD28FD /* Info.plist */,
				1BBBC3AE24A1204200CD28FD /* Assets.xcassets */,
			);
			path = Resources;
			sourceTree = "<group>";
		};
/* End PBXGroup section */

/* Begin PBXNativeTarget section */
		1BBBC3A124A1203900CD28FD /* GameOfLife */ = {
			isa = PBXNativeTarget;
			buildConfigurationList = 1BBBC3B624A1204200CD28FD /* Build configuration list for PBXNativeTarget "GameOfLife" */;
			buildPhases = (
				1BBBC39E24A1203900CD28FD /* Sources */,
				1BBBC39F24A1203900CD28FD /* Frameworks */,
				1BBBC3A024A1203900CD28FD /* Resources */,
			);
			buildRules = (
			);
			dependencies = (
			);
			name = GameOfLife;
			productName = GameOfLife;
			productReference = 1BBBC3A224A1203900CD28FD /* GameOfLife.app */;
			productType = "com.apple.product-type.application";
		};
/* End PBXNativeTarget section */

/* Begin PBXProject section */
		1BBBC39A24A1203900CD28FD /* Project object */ = {
			isa = PBXProject;
			attributes = {
				LastSwiftUpdateCheck = 1150;
				LastUpgradeCheck = 1150;
				ORGANIZATIONNAME = "Jorge Alvarez";
				TargetAttributes = {
					1BBBC3A124A1203900CD28FD = {
						CreatedOnToolsVersion = 11.5;
					};
				};
			};
			buildConfigurationList = 1BBBC39D24A1203900CD28FD /* Build configuration list for PBXProject "GameOfLife" */;
			compatibilityVersion = "Xcode 9.3";
			developmentRegion = en;
			hasScannedForEncodings = 0;
			knownRegions = (
				en,
				Base,
			);
			mainGroup = 1BBBC39924A1203900CD28FD;
			productRefGroup = 1BBBC3A324A1203900CD28FD /* Products */;
			projectDirPath = "";
			projectRoot = "";
			targets = (
				1BBBC3A124A1203900CD28FD /* GameOfLife */,
			);
		};
/* End PBXProject section */

/* Begin PBXResourcesBuildPhase section */
		1BBBC3A024A1203900CD28FD /* Resources */ = {
			isa = PBXResourcesBuildPhase;
			buildActionMask = 2147483647;
			files = (
				1BBBC3B224A1204200CD28FD /* LaunchScreen.storyboard in Resources */,
				1BBBC3AF24A1204200CD28FD /* Assets.xcassets in Resources */,
				1BBBC3AD24A1203900CD28FD /* Main.storyboard in Resources */,
			);
			runOnlyForDeploymentPostprocessing = 0;
		};
/* End PBXResourcesBuildPhase section */

/* Begin PBXSourcesBuildPhase section */
		1BBBC39E24A1203900CD28FD /* Sources */ = {
			isa = PBXSourcesBuildPhase;
			buildActionMask = 2147483647;
			files = (
				1BBBC3AA24A1203900CD28FD /* ViewController.swift in Sources */,
				1BBBC3A624A1203900CD28FD /* AppDelegate.swift in Sources */,
				1BBBC3A824A1203900CD28FD /* SceneDelegate.swift in Sources */,
			);
			runOnlyForDeploymentPostprocessing = 0;
		};
/* End PBXSourcesBuildPhase section */

/* Begin PBXVariantGroup section */
		1BBBC3AB24A1203900CD28FD /* Main.storyboard */ = {
			isa = PBXVariantGroup;
			children = (
				1BBBC3AC24A1203900CD28FD /* Base */,
			);
			name = Main.storyboard;
			sourceTree = "<group>";
		};
		1BBBC3B024A1204200CD28FD /* LaunchScreen.storyboard */ = {
			isa = PBXVariantGroup;
			children = (
				1BBBC3B124A1204200CD28FD /* Base */,
			);
			name = LaunchScreen.storyboard;
			sourceTree = "<group>";
		};
/* End PBXVariantGroup section */

/* Begin XCBuildConfiguration section */
		1BBBC3B424A1204200CD28FD /* Debug */ = {
			isa = XCBuildConfiguration;
			buildSettings = {
				ALWAYS_SEARCH_USER_PATHS = NO;
				CLANG_ANALYZER_NONNULL = YES;
				CLANG_ANALYZER_NUMBER_OBJECT_CONVERSION = YES_AGGRESSIVE;
				CLANG_CXX_LANGUAGE_STANDARD = "gnu++14";
				CLANG_CXX_LIBRARY = "libc++";
				CLANG_ENABLE_MODULES = YES;
				CLANG_ENABLE_OBJC_ARC = YES;
				CLANG_ENABLE_OBJC_WEAK = YES;
				CLANG_WARN_BLOCK_CAPTURE_AUTORELEASING = YES;
				CLANG_WARN_BOOL_CONVERSION = YES;
				CLANG_WARN_COMMA = YES;
				CLANG_WARN_CONSTANT_CONVERSION = YES;
				CLANG_WARN_DEPRECATED_OBJC_IMPLEMENTATIONS = YES;
				CLANG_WARN_DIRECT_OBJC_ISA_USAGE = YES_ERROR;
				CLANG_WARN_DOCUMENTATION_COMMENTS = YES;
				CLANG_WARN_EMPTY_BODY = YES;
				CLANG_WARN_ENUM_CONVERSION = YES;
				CLANG_WARN_INFINITE_RECURSION = YES;
				CLANG_WARN_INT_CONVERSION = YES;
				CLANG_WARN_NON_LITERAL_NULL_CONVERSION = YES;
				CLANG_WARN_OBJC_IMPLICIT_RETAIN_SELF = YES;
				CLANG_WARN_OBJC_LITERAL_CONVERSION = YES;
				CLANG_WARN_OBJC_ROOT_CLASS = YES_ERROR;
				CLANG_WARN_RANGE_LOOP_ANALYSIS = YES;
				CLANG_WARN_STRICT_PROTOTYPES = YES;
				CLANG_WARN_SUSPICIOUS_MOVE = YES;
				CLANG_WARN_UNGUARDED_AVAILABILITY = YES_AGGRESSIVE;
				CLANG_WARN_UNREACHABLE_CODE = YES;
				CLANG_WARN__DUPLICATE_METHOD_MATCH = YES;
				COPY_PHASE_STRIP = NO;
				DEBUG_INFORMATION_FORMAT = dwarf;
				ENABLE_STRICT_OBJC_MSGSEND = YES;
				ENABLE_TESTABILITY = YES;
				GCC_C_LANGUAGE_STANDARD = gnu11;
				GCC_DYNAMIC_NO_PIC = NO;
				GCC_NO_COMMON_BLOCKS = YES;
				GCC_OPTIMIZATION_LEVEL = 0;
				GCC_PREPROCESSOR_DEFINITIONS = (
					"DEBUG=1",
					"$(inherited)",
				);
				GCC_WARN_64_TO_32_BIT_CONVERSION = YES;
				GCC_WARN_ABOUT_RETURN_TYPE = YES_ERROR;
				GCC_WARN_UNDECLARED_SELECTOR = YES;
				GCC_WARN_UNINITIALIZED_AUTOS = YES_AGGRESSIVE;
				GCC_WARN_UNUSED_FUNCTION = YES;
				GCC_WARN_UNUSED_VARIABLE = YES;
				IPHONEOS_DEPLOYMENT_TARGET = 13.5;
				MTL_ENABLE_DEBUG_INFO = INCLUDE_SOURCE;
				MTL_FAST_MATH = YES;
				ONLY_ACTIVE_ARCH = YES;
				SDKROOT = iphoneos;
				SWIFT_ACTIVE_COMPILATION_CONDITIONS = DEBUG;
				SWIFT_OPTIMIZATION_LEVEL = "-Onone";
			};
			name = Debug;
		};
		1BBBC3B524A1204200CD28FD /* Release */ = {
			isa = XCBuildConfiguration;
			buildSettings = {
				ALWAYS_SEARCH_USER_PATHS = NO;
				CLANG_ANALYZER_NONNULL = YES;
				CLANG_ANALYZER_NUMBER_OBJECT_CONVERSION = YES_AGGRESSIVE;
				CLANG_CXX_LANGUAGE_STANDARD = "gnu++14";
				CLANG_CXX_LIBRARY = "libc++";
				CLANG_ENABLE_MODULES = YES;
				CLANG_ENABLE_OBJC_ARC = YES;
				CLANG_ENABLE_OBJC_WEAK = YES;
				CLANG_WARN_BLOCK_CAPTURE_AUTORELEASING = YES;
				CLANG_WARN_BOOL_CONVERSION = YES;
				CLANG_WARN_COMMA = YES;
				CLANG_WARN_CONSTANT_CONVERSION = YES;
				CLANG_WARN_DEPRECATED_OBJC_IMPLEMENTATIONS = YES;
				CLANG_WARN_DIRECT_OBJC_ISA_USAGE = YES_ERROR;
				CLANG_WARN_DOCUMENTATION_COMMENTS = YES;
				CLANG_WARN_EMPTY_BODY = YES;
				CLANG_WARN_ENUM_CONVERSION = YES;
				CLANG_WARN_INFINITE_RECURSION = YES;
				CLANG_WARN_INT_CONVERSION = YES;
				CLANG_WARN_NON_LITERAL_NULL_CONVERSION = YES;
				CLANG_WARN_OBJC_IMPLICIT_RETAIN_SELF = YES;
				CLANG_WARN_OBJC_LITERAL_CONVERSION = YES;
				CLANG_WARN_OBJC_ROOT_CLASS = YES_ERROR;
				CLANG_WARN_RANGE_LOOP_ANALYSIS = YES;
				CLANG_WARN_STRICT_PROTOTYPES = YES;
				CLANG_WARN_SUSPICIOUS_MOVE = YES;
				CLANG_WARN_UNGUARDED_AVAILABILITY = YES_AGGRESSIVE;
				CLANG_WARN_UNREACHABLE_CODE = YES;
				CLANG_WARN__DUPLICATE_METHOD_MATCH = YES;
				COPY_PHASE_STRIP = NO;
				DEBUG_INFORMATION_FORMAT = "dwarf-with-dsym";
				ENABLE_NS_ASSERTIONS = NO;
				ENABLE_STRICT_OBJC_MSGSEND = YES;
				GCC_C_LANGUAGE_STANDARD = gnu11;
				GCC_NO_COMMON_BLOCKS = YES;
				GCC_WARN_64_TO_32_BIT_CONVERSION = YES;
				GCC_WARN_ABOUT_RETURN_TYPE = YES_ERROR;
				GCC_WARN_UNDECLARED_SELECTOR = YES;
				GCC_WARN_UNINITIALIZED_AUTOS = YES_AGGRESSIVE;
				GCC_WARN_UNUSED_FUNCTION = YES;
				GCC_WARN_UNUSED_VARIABLE = YES;
				IPHONEOS_DEPLOYMENT_TARGET = 13.5;
				MTL_ENABLE_DEBUG_INFO = NO;
				MTL_FAST_MATH = YES;
				SDKROOT = iphoneos;
				SWIFT_COMPILATION_MODE = wholemodule;
				SWIFT_OPTIMIZATION_LEVEL = "-O";
				VALIDATE_PRODUCT = YES;
			};
			name = Release;
		};
		1BBBC3B724A1204200CD28FD /* Debug */ = {
			isa = XCBuildConfiguration;
			buildSettings = {
				ASSETCATALOG_COMPILER_APPICON_NAME = AppIcon;
				CODE_SIGN_STYLE = Automatic;
				DEVELOPMENT_TEAM = XFZ73X2DJQ;
				INFOPLIST_FILE = GameOfLife/Resources/Info.plist;
				LD_RUNPATH_SEARCH_PATHS = (
					"$(inherited)",
					"@executable_path/Frameworks",
				);
				PRODUCT_BUNDLE_IDENTIFIER = com.jorgealvarez.GameOfLife;
				PRODUCT_NAME = "$(TARGET_NAME)";
				SWIFT_VERSION = 5.0;
				TARGETED_DEVICE_FAMILY = "1,2";
			};
			name = Debug;
		};
		1BBBC3B824A1204200CD28FD /* Release */ = {
			isa = XCBuildConfiguration;
			buildSettings = {
				ASSETCATALOG_COMPILER_APPICON_NAME = AppIcon;
				CODE_SIGN_STYLE = Automatic;
				DEVELOPMENT_TEAM = XFZ73X2DJQ;
				INFOPLIST_FILE = GameOfLife/Resources/Info.plist;
				LD_RUNPATH_SEARCH_PATHS = (
					"$(inherited)",
					"@executable_path/Frameworks",
				);
				PRODUCT_BUNDLE_IDENTIFIER = com.jorgealvarez.GameOfLife;
				PRODUCT_NAME = "$(TARGET_NAME)";
				SWIFT_VERSION = 5.0;
				TARGETED_DEVICE_FAMILY = "1,2";
			};
			name = Release;
		};
/* End XCBuildConfiguration section */

/* Begin XCConfigurationList section */
		1BBBC39D24A1203900CD28FD /* Build configuration list for PBXProject "GameOfLife" */ = {
			isa = XCConfigurationList;
			buildConfigurations = (
				1BBBC3B424A1204200CD28FD /* Debug */,
				1BBBC3B524A1204200CD28FD /* Release */,
			);
			defaultConfigurationIsVisible = 0;
			defaultConfigurationName = Release;
		};
		1BBBC3B624A1204200CD28FD /* Build configuration list for PBXNativeTarget "GameOfLife" */ = {
			isa = XCConfigurationList;
			buildConfigurations = (
				1BBBC3B724A1204200CD28FD /* Debug */,
				1BBBC3B824A1204200CD28FD /* Release */,
			);
			defaultConfigurationIsVisible = 0;
			defaultConfigurationName = Release;
		};
/* End XCConfigurationList section */
	};
	rootObject = 1BBBC39A24A1203900CD28FD /* Project object */;
}
